
Microsoft Visual Studio Solution File, Format Version 12.00
# Visual Studio Version 17
VisualStudioVersion = 17.4.33205.214
MinimumVisualStudioVersion = 10.0.40219.1
Project("{FAE04EC0-301F-11D3-BF4B-00C04F79EFBC}") = "webapp", "webapp\webapp.csproj", "{8E807D83-7BE7-4A03-808E-F5545A479574}"
EndProject
Global
	GlobalSection(SolutionConfigurationPlatforms) = preSolution
		Debug|Any CPU = Debug|Any CPU
		Release|Any CPU = Release|Any CPU
	EndGlobalSection
	GlobalSection(ProjectConfigurationPlatforms) = postSolution
		{8E807D83-7BE7-4A03-808E-F5545A479574}.Debug|Any CPU.ActiveCfg = Debug|Any CPU
		{8E807D83-7BE7-4A03-808E-F5545A479574}.Debug|Any CPU.Build.0 = Debug|Any CPU
		{8E807D83-7BE7-4A03-808E-F5545A479574}.Release|Any CPU.ActiveCfg = Release|Any CPU
		{8E807D83-7BE7-4A03-808E-F5545A479574}.Release|Any CPU.Build.0 = Release|Any CPU
	EndGlobalSection
	GlobalSection(SolutionProperties) = preSolution
		HideSolutionNode = FALSE
	EndGlobalSection
	GlobalSection(ExtensibilityGlobals) = postSolution
		SolutionGuid = {E5C55639-5194-4FC3-AFB7-AC975A9CA758}
	EndGlobalSection
EndGlobal
